
Microsoft Visual Studio Solution File, Format Version 12.00
# Visual Studio 15
VisualStudioVersion = 15.0.34112.143
MinimumVisualStudioVersion = 10.0.40219.1
Project("{FAE04EC0-301F-11D3-BF4B-00C04F79EFBC}") = "Language", "Language\Language.csproj", "{782DB640-5A06-49D8-A6B4-24B7979C1E10}"
EndProject
Global
	GlobalSection(SolutionConfigurationPlatforms) = preSolution
		Debug|Any CPU = Debug|Any CPU
		Release|Any CPU = Release|Any CPU
	EndGlobalSection
	GlobalSection(ProjectConfigurationPlatforms) = postSolution
		{782DB640-5A06-49D8-A6B4-24B7979C1E10}.Debug|Any CPU.ActiveCfg = Debug|Any CPU
		{782DB640-5A06-49D8-A6B4-24B7979C1E10}.Debug|Any CPU.Build.0 = Debug|Any CPU
		{782DB640-5A06-49D8-A6B4-24B7979C1E10}.Release|Any CPU.ActiveCfg = Release|Any CPU
		{782DB640-5A06-49D8-A6B4-24B7979C1E10}.Release|Any CPU.Build.0 = Release|Any CPU
	EndGlobalSection
	GlobalSection(SolutionProperties) = preSolution
		HideSolutionNode = FALSE
	EndGlobalSection
	GlobalSection(ExtensibilityGlobals) = postSolution
		SolutionGuid = {EEB7C5BE-27B5-48CE-B139-A7B9877F7857}
	EndGlobalSection
EndGlobal
